
Microsoft Visual Studio Solution File, Format Version 12.00
Project("{FAE04EC0-301F-11D3-BF4B-00C04F79EFBC}") = "SMParser", "SMParser\SMParser.csproj", "{E538EED7-8F9A-4255-8FF9-55E8ED002708}"
EndProject
Project("{FAE04EC0-301F-11D3-BF4B-00C04F79EFBC}") = "SMParserTest", "SMParserTest\SMParserTest.csproj", "{789271F7-6415-404F-86B3-8AE4CDDF452A}"
EndProject
Global
	GlobalSection(SolutionConfigurationPlatforms) = preSolution
		Debug|Any CPU = Debug|Any CPU
		Release|Any CPU = Release|Any CPU
	EndGlobalSection
	GlobalSection(ProjectConfigurationPlatforms) = postSolution
		{E538EED7-8F9A-4255-8FF9-55E8ED002708}.Debug|Any CPU.ActiveCfg = Debug|Any CPU
		{E538EED7-8F9A-4255-8FF9-55E8ED002708}.Debug|Any CPU.Build.0 = Debug|Any CPU
		{E538EED7-8F9A-4255-8FF9-55E8ED002708}.Release|Any CPU.ActiveCfg = Release|Any CPU
		{E538EED7-8F9A-4255-8FF9-55E8ED002708}.Release|Any CPU.Build.0 = Release|Any CPU
		{789271F7-6415-404F-86B3-8AE4CDDF452A}.Debug|Any CPU.ActiveCfg = Debug|Any CPU
		{789271F7-6415-404F-86B3-8AE4CDDF452A}.Debug|Any CPU.Build.0 = Debug|Any CPU
		{789271F7-6415-404F-86B3-8AE4CDDF452A}.Release|Any CPU.ActiveCfg = Release|Any CPU
		{789271F7-6415-404F-86B3-8AE4CDDF452A}.Release|Any CPU.Build.0 = Release|Any CPU
	EndGlobalSection
EndGlobal
